# This file is automatically @generated by Cargo.
# It is not intended for manual editing.
version = 3

[[package]]
name = "arduino-hal"
version = "0.1.0"
source = "git+https://github.com/rahix/avr-hal?rev=7dfa6d322b9df98b2d98afe0e14a97afe0187ac1#7dfa6d322b9df98b2d98afe0e14a97afe0187ac1"
dependencies = [
 "atmega-hal",
 "avr-device",
 "avr-hal-generic",
 "cfg-if 1.0.0",
 "embedded-hal",
 "ufmt",
 "void",
]

[[package]]
name = "atmega-hal"
version = "0.1.0"
source = "git+https://github.com/rahix/avr-hal?rev=7dfa6d322b9df98b2d98afe0e14a97afe0187ac1#7dfa6d322b9df98b2d98afe0e14a97afe0187ac1"
dependencies = [
 "avr-device",
 "avr-hal-generic",
]

[[package]]
name = "avr-device"
version = "0.5.3"
source = "registry+https://github.com/rust-lang/crates.io-index"
checksum = "9caff6ab631ca48909f0b505bd115a7fee718d1281c8f2995a74cfd316b939ae"
dependencies = [
 "avr-device-macros",
 "bare-metal",
 "cfg-if 1.0.0",
 "vcell",
]

[[package]]
name = "avr-device-macros"
version = "0.5.3"
source = "registry+https://github.com/rust-lang/crates.io-index"
checksum = "0d4a6f123cc0e37b3d1099e5fc9a4a2bb7c0475a6c32f2e263d2e8849b9ae8fe"
dependencies = [
 "proc-macro2",
 "quote",
 "syn",
]

[[package]]
name = "avr-hal-generic"
version = "0.1.0"
source = "git+https://github.com/rahix/avr-hal?rev=7dfa6d322b9df98b2d98afe0e14a97afe0187ac1#7dfa6d322b9df98b2d98afe0e14a97afe0187ac1"
dependencies = [
 "avr-device",
 "cfg-if 0.1.10",
 "embedded-hal",
 "embedded-storage",
 "nb 0.1.3",
 "paste",
 "rustversion",
 "ufmt",
 "void",
]

[[package]]
name = "avr-progmem"
version = "0.3.3"
source = "registry+https://github.com/rust-lang/crates.io-index"
checksum = "4026b5cfd2368953bed46ffaa1acc7e4ea398bb7a610743d11895a5187498076"
dependencies = [
 "cfg-if 1.0.0",
 "derivative",
]

[[package]]
name = "bare-metal"
version = "1.0.0"
source = "registry+https://github.com/rust-lang/crates.io-index"
checksum = "f8fe8f5a8a398345e52358e18ff07cc17a568fbca5c6f73873d3a62056309603"

[[package]]
name = "cfg-if"
version = "0.1.10"
source = "registry+https://github.com/rust-lang/crates.io-index"
checksum = "4785bdd1c96b2a846b2bd7cc02e86b6b3dbf14e7e53446c4f54c92a361040822"

[[package]]
name = "cfg-if"
version = "1.0.0"
source = "registry+https://github.com/rust-lang/crates.io-index"
checksum = "baf1de4339761588bc0619e3cbc0120ee582ebb74b53b4efbf79117bd2da40fd"

[[package]]
name = "derivative"
version = "2.2.0"
source = "registry+https://github.com/rust-lang/crates.io-index"
checksum = "fcc3dd5e9e9c0b295d6e1e4d811fb6f157d5ffd784b8d202fc62eac8035a770b"
dependencies = [
 "proc-macro2",
 "quote",
 "syn",
]

[[package]]
name = "embedded-hal"
version = "0.2.7"
source = "registry+https://github.com/rust-lang/crates.io-index"
checksum = "35949884794ad573cf46071e41c9b60efb0cb311e3ca01f7af807af1debc66ff"
dependencies = [
 "nb 0.1.3",
 "void",
]

[[package]]
name = "embedded-storage"
version = "0.2.0"
source = "registry+https://github.com/rust-lang/crates.io-index"
checksum = "723dce4e9f25b6e6c5f35628e144794e5b459216ed7da97b7c4b66cdb3fa82ca"

[[package]]
name = "fm-lib"
version = "0.1.0"
dependencies = [
 "arduino-hal",
 "avr-device",
 "avr-progmem",
 "embedded-hal",
]

[[package]]
name = "fm-rng"
version = "0.1.0"
dependencies = [
 "arduino-hal",
 "avr-device",
 "avr-progmem",
 "embedded-hal",
 "fm-lib",
 "nb 0.1.3",
 "ufmt",
]

[[package]]
name = "nb"
version = "0.1.3"
source = "registry+https://github.com/rust-lang/crates.io-index"
checksum = "801d31da0513b6ec5214e9bf433a77966320625a37860f910be265be6e18d06f"
dependencies = [
 "nb 1.1.0",
]

[[package]]
name = "nb"
version = "1.1.0"
source = "registry+https://github.com/rust-lang/crates.io-index"
checksum = "8d5439c4ad607c3c23abf66de8c8bf57ba8adcd1f129e699851a6e43935d339d"

[[package]]
name = "paste"
version = "1.0.14"
source = "registry+https://github.com/rust-lang/crates.io-index"
checksum = "de3145af08024dea9fa9914f381a17b8fc6034dfb00f3a84013f7ff43f29ed4c"

[[package]]
name = "proc-macro-hack"
version = "0.5.20+deprecated"
source = "registry+https://github.com/rust-lang/crates.io-index"
checksum = "dc375e1527247fe1a97d8b7156678dfe7c1af2fc075c9a4db3690ecd2a148068"

[[package]]
name = "proc-macro2"
version = "1.0.74"
source = "registry+https://github.com/rust-lang/crates.io-index"
checksum = "2de98502f212cfcea8d0bb305bd0f49d7ebdd75b64ba0a68f937d888f4e0d6db"
dependencies = [
 "unicode-ident",
]

[[package]]
name = "quote"
version = "1.0.35"
source = "registry+https://github.com/rust-lang/crates.io-index"
checksum = "291ec9ab5efd934aaf503a6466c5d5251535d108ee747472c3977cc5acc868ef"
dependencies = [
 "proc-macro2",
]

[[package]]
name = "rustversion"
version = "1.0.14"
source = "registry+https://github.com/rust-lang/crates.io-index"
checksum = "7ffc183a10b4478d04cbbbfc96d0873219d962dd5accaff2ffbd4ceb7df837f4"

[[package]]
name = "syn"
version = "1.0.109"
source = "registry+https://github.com/rust-lang/crates.io-index"
checksum = "72b64191b275b66ffe2469e8af2c1cfe3bafa67b529ead792a6d0160888b4237"
dependencies = [
 "proc-macro2",
 "quote",
 "unicode-ident",
]

[[package]]
name = "ufmt"
version = "0.1.2"
source = "registry+https://github.com/rust-lang/crates.io-index"
checksum = "31d3c0c63312dfc9d8e5c71114d617018a19f6058674003c0da29ee8d8036cdd"
dependencies = [
 "proc-macro-hack",
 "ufmt-macros",
 "ufmt-write",
]

[[package]]
name = "ufmt-macros"
version = "0.2.0"
source = "registry+https://github.com/rust-lang/crates.io-index"
checksum = "e4ab6c92f30c996394a8bd525aef9f03ce01d0d7ac82d81902968057e37dd7d9"
dependencies = [
 "proc-macro-hack",
 "proc-macro2",
 "quote",
 "syn",
]

[[package]]
name = "ufmt-write"
version = "0.1.0"
source = "registry+https://github.com/rust-lang/crates.io-index"
checksum = "e87a2ed6b42ec5e28cc3b94c09982969e9227600b2e3dcbc1db927a84c06bd69"

[[package]]
name = "unicode-ident"
version = "1.0.12"
source = "registry+https://github.com/rust-lang/crates.io-index"
checksum = "3354b9ac3fae1ff6755cb6db53683adb661634f67557942dea4facebec0fee4b"

[[package]]
name = "vcell"
version = "0.1.3"
source = "registry+https://github.com/rust-lang/crates.io-index"
checksum = "77439c1b53d2303b20d9459b1ade71a83c716e3f9c34f3228c00e6f185d6c002"

[[package]]
name = "void"
version = "1.0.2"
source = "registry+https://github.com/rust-lang/crates.io-index"
checksum = "6a02e4885ed3bc0f2de90ea6dd45ebcbb66dacffe03547fadbb0eeae2770887d"
